dependencies:
- name: grafana
  repository: https://grafana.github.io/helm-charts
  version: 6.28.0
- name: influxdb
  repository: https://helm.influxdata.com/
  version: 4.11.0
- name: metallb
  repository: https://metallb.github.io/metallb
  version: 0.12.1
- name: postgresql
  repository: https://charts.bitnami.com/bitnami
  version: 11.1.27
digest: sha256:e9bfaa6e31e6cd4342fca59ce0eb4342d8554f93c47ac6da2f9a906a94e76515
generated: "2022-05-25T13:43:40.575945883+03:00"
